{
  "name": "sisubermapweb",
  "version": "1.0.0",
  "lockfileVersion": 1,
  "requires": true,
  "dependencies": {
    "jasmine-core": {
      "version": "2.99.1",
      "resolved": "https://registry.npmjs.org/jasmine-core/-/jasmine-core-2.99.1.tgz",
      "integrity": "sha1-5kAN8ea1bhMLYcS80JPap/boyhU="
    },
    "jquery": {
      "version": "3.3.1",
      "resolved": "https://registry.npmjs.org/jquery/-/jquery-3.3.1.tgz",
      "integrity": "sha512-Ubldcmxp5np52/ENotGxlLe6aGMvmF4R8S6tZjsP6Knsaxd/xp3Zrh50cG93lR6nPXyUFwzN3ZSOQI0wRJNdGg=="
    },
    "jquery-easing": {
      "version": "0.0.1",
      "resolved": "https://registry.npmjs.org/jquery-easing/-/jquery-easing-0.0.1.tgz",
      "integrity": "sha1-s8N1JbVXNNwe4a0JtsM3MYdodxU=",
      "requires": {
        "jquery": "*"
      }
    },
    "marker-animate": {
      "version": "0.0.1",
      "resolved": "https://registry.npmjs.org/marker-animate/-/marker-animate-0.0.1.tgz",
      "integrity": "sha1-iDr7h+hCB1r1cdBGL+GpRNu6bRE=",
      "requires": {
        "jquery": "*",
        "jquery-easing": "^0.0.1"
      }
    },
    "marker-animate-unobtrusive": {
      "version": "0.2.8",
      "resolved": "https://registry.npmjs.org/marker-animate-unobtrusive/-/marker-animate-unobtrusive-0.2.8.tgz",
      "integrity": "sha1-bpIiZ4EWlWfr+33vqsK8+Jldoj0=",
      "requires": {
        "jasmine-core": "^2.3.4",
        "jquery": "*",
        "marker-animate": "^0.0.1"
      }
    }
  }
}
